// !$*UTF8*$!
{
	archiveVersion = 1;
	classes = {
	};
	objectVersion = 56;
	objects = {

/* Begin PBXBuildFile section */
		35B4FC422C0CCD9400EE450C /* ContactsApp_MVVM_SwiftUIApp.swift in Sources */ = {isa = PBXBuildFile; fileRef = 35B4FC412C0CCD9400EE450C /* ContactsApp_MVVM_SwiftUIApp.swift */; };
		35B4FC442C0CCD9400EE450C /* HomeView.swift in Sources */ = {isa = PBXBuildFile; fileRef = 35B4FC432C0CCD9400EE450C /* HomeView.swift */; };
		35B4FC462C0CCD9500EE450C /* Assets.xcassets in Resources */ = {isa = PBXBuildFile; fileRef = 35B4FC452C0CCD9500EE450C /* Assets.xcassets */; };
		35B4FC492C0CCD9500EE450C /* Preview Assets.xcassets in Resources */ = {isa = PBXBuildFile; fileRef = 35B4FC482C0CCD9500EE450C /* Preview Assets.xcassets */; };
		35B4FC522C0CCDF300EE450C /* Person.swift in Sources */ = {isa = PBXBuildFile; fileRef = 35B4FC512C0CCDF300EE450C /* Person.swift */; };
		35B4FC572C0CCF7600EE450C /* HomeViewModelSqlite.swift in Sources */ = {isa = PBXBuildFile; fileRef = 35B4FC562C0CCF7600EE450C /* HomeViewModelSqlite.swift */; };
		35B4FC592C0CCF8400EE450C /* DetailViewModelSqlite.swift in Sources */ = {isa = PBXBuildFile; fileRef = 35B4FC582C0CCF8400EE450C /* DetailViewModelSqlite.swift */; };
		35B4FC5B2C0CCF9000EE450C /* SaveViewModelSqlite.swift in Sources */ = {isa = PBXBuildFile; fileRef = 35B4FC5A2C0CCF9000EE450C /* SaveViewModelSqlite.swift */; };
		35B4FC5D2C0CCF9C00EE450C /* DetailView.swift in Sources */ = {isa = PBXBuildFile; fileRef = 35B4FC5C2C0CCF9C00EE450C /* DetailView.swift */; };
		35B4FC5F2C0CCFAF00EE450C /* SaveView.swift in Sources */ = {isa = PBXBuildFile; fileRef = 35B4FC5E2C0CCFAF00EE450C /* SaveView.swift */; };
		35B4FC622C0CD14100EE450C /* PersonRow.swift in Sources */ = {isa = PBXBuildFile; fileRef = 35B4FC612C0CD14100EE450C /* PersonRow.swift */; };
		35BA1B182C0CD837003F47AE /* FMDatabase.m in Sources */ = {isa = PBXBuildFile; fileRef = 35BA1B102C0CD837003F47AE /* FMDatabase.m */; };
		35BA1B192C0CD837003F47AE /* FMDatabaseQueue.m in Sources */ = {isa = PBXBuildFile; fileRef = 35BA1B112C0CD837003F47AE /* FMDatabaseQueue.m */; };
		35BA1B1A2C0CD837003F47AE /* FMDatabaseAdditions.m in Sources */ = {isa = PBXBuildFile; fileRef = 35BA1B132C0CD837003F47AE /* FMDatabaseAdditions.m */; };
		35BA1B1B2C0CD837003F47AE /* FMDatabasePool.m in Sources */ = {isa = PBXBuildFile; fileRef = 35BA1B142C0CD837003F47AE /* FMDatabasePool.m */; };
		35BA1B1C2C0CD837003F47AE /* FMResultSet.m in Sources */ = {isa = PBXBuildFile; fileRef = 35BA1B152C0CD837003F47AE /* FMResultSet.m */; };
		35BA1B222C0CD8C9003F47AE /* rehber.sqlite in Resources */ = {isa = PBXBuildFile; fileRef = 35BA1B212C0CD8C9003F47AE /* rehber.sqlite */; };
/* End PBXBuildFile section */

/* Begin PBXFileReference section */
		35B4FC3E2C0CCD9400EE450C /* ContactsApp-MVVM-SwiftUI.app */ = {isa = PBXFileReference; explicitFileType = wrapper.application; includeInIndex = 0; path = "ContactsApp-MVVM-SwiftUI.app"; sourceTree = BUILT_PRODUCTS_DIR; };
		35B4FC412C0CCD9400EE450C /* ContactsApp_MVVM_SwiftUIApp.swift */ = {isa = PBXFileReference; lastKnownFileType = sourcecode.swift; path = ContactsApp_MVVM_SwiftUIApp.swift; sourceTree = "<group>"; };
		35B4FC432C0CCD9400EE450C /* HomeView.swift */ = {isa = PBXFileReference; lastKnownFileType = sourcecode.swift; path = HomeView.swift; sourceTree = "<group>"; };
		35B4FC452C0CCD9500EE450C /* Assets.xcassets */ = {isa = PBXFileReference; lastKnownFileType = folder.assetcatalog; path = Assets.xcassets; sourceTree = "<group>"; };
		35B4FC482C0CCD9500EE450C /* Preview Assets.xcassets */ = {isa = PBXFileReference; lastKnownFileType = folder.assetcatalog; path = "Preview Assets.xcassets"; sourceTree = "<group>"; };
		35B4FC512C0CCDF300EE450C /* Person.swift */ = {isa = PBXFileReference; lastKnownFileType = sourcecode.swift; path = Person.swift; sourceTree = "<group>"; };
		35B4FC562C0CCF7600EE450C /* HomeViewModelSqlite.swift */ = {isa = PBXFileReference; lastKnownFileType = sourcecode.swift; path = HomeViewModelSqlite.swift; sourceTree = "<group>"; };
		35B4FC582C0CCF8400EE450C /* DetailViewModelSqlite.swift */ = {isa = PBXFileReference; lastKnownFileType = sourcecode.swift; path = DetailViewModelSqlite.swift; sourceTree = "<group>"; };
		35B4FC5A2C0CCF9000EE450C /* SaveViewModelSqlite.swift */ = {isa = PBXFileReference; lastKnownFileType = sourcecode.swift; path = SaveViewModelSqlite.swift; sourceTree = "<group>"; };
		35B4FC5C2C0CCF9C00EE450C /* DetailView.swift */ = {isa = PBXFileReference; lastKnownFileType = sourcecode.swift; path = DetailView.swift; sourceTree = "<group>"; };
		35B4FC5E2C0CCFAF00EE450C /* SaveView.swift */ = {isa = PBXFileReference; lastKnownFileType = sourcecode.swift; path = SaveView.swift; sourceTree = "<group>"; };
		35B4FC612C0CD14100EE450C /* PersonRow.swift */ = {isa = PBXFileReference; lastKnownFileType = sourcecode.swift; path = PersonRow.swift; sourceTree = "<group>"; };
		35BA1B0B2C0CD7D2003F47AE /* libsqlite3.0.tbd */ = {isa = PBXFileReference; lastKnownFileType = "sourcecode.text-based-dylib-definition"; name = libsqlite3.0.tbd; path = usr/lib/libsqlite3.0.tbd; sourceTree = SDKROOT; };
		35BA1B0C2C0CD837003F47AE /* ContactsApp-MVVM-SwiftUI-Bridging-Header.h */ = {isa = PBXFileReference; lastKnownFileType = sourcecode.c.h; path = "ContactsApp-MVVM-SwiftUI-Bridging-Header.h"; sourceTree = "<group>"; };
		35BA1B0D2C0CD837003F47AE /* FMDatabase.h */ = {isa = PBXFileReference; fileEncoding = 4; lastKnownFileType = sourcecode.c.h; path = FMDatabase.h; sourceTree = "<group>"; };
		35BA1B0E2C0CD837003F47AE /* FMDatabaseQueue.h */ = {isa = PBXFileReference; fileEncoding = 4; lastKnownFileType = sourcecode.c.h; path = FMDatabaseQueue.h; sourceTree = "<group>"; };
		35BA1B0F2C0CD837003F47AE /* FMDatabasePool.h */ = {isa = PBXFileReference; fileEncoding = 4; lastKnownFileType = sourcecode.c.h; path = FMDatabasePool.h; sourceTree = "<group>"; };
		35BA1B102C0CD837003F47AE /* FMDatabase.m */ = {isa = PBXFileReference; fileEncoding = 4; lastKnownFileType = sourcecode.c.objc; path = FMDatabase.m; sourceTree = "<group>"; };
		35BA1B112C0CD837003F47AE /* FMDatabaseQueue.m */ = {isa = PBXFileReference; fileEncoding = 4; lastKnownFileType = sourcecode.c.objc; path = FMDatabaseQueue.m; sourceTree = "<group>"; };
		35BA1B122C0CD837003F47AE /* FMDatabaseAdditions.h */ = {isa = PBXFileReference; fileEncoding = 4; lastKnownFileType = sourcecode.c.h; path = FMDatabaseAdditions.h; sourceTree = "<group>"; };
		35BA1B132C0CD837003F47AE /* FMDatabaseAdditions.m */ = {isa = PBXFileReference; fileEncoding = 4; lastKnownFileType = sourcecode.c.objc; path = FMDatabaseAdditions.m; sourceTree = "<group>"; };
		35BA1B142C0CD837003F47AE /* FMDatabasePool.m */ = {isa = PBXFileReference; fileEncoding = 4; lastKnownFileType = sourcecode.c.objc; path = FMDatabasePool.m; sourceTree = "<group>"; };
		35BA1B152C0CD837003F47AE /* FMResultSet.m */ = {isa = PBXFileReference; fileEncoding = 4; lastKnownFileType = sourcecode.c.objc; path = FMResultSet.m; sourceTree = "<group>"; };
		35BA1B162C0CD837003F47AE /* FMResultSet.h */ = {isa = PBXFileReference; fileEncoding = 4; lastKnownFileType = sourcecode.c.h; path = FMResultSet.h; sourceTree = "<group>"; };
		35BA1B172C0CD837003F47AE /* FMDB.h */ = {isa = PBXFileReference; fileEncoding = 4; lastKnownFileType = sourcecode.c.h; path = FMDB.h; sourceTree = "<group>"; };
		35BA1B212C0CD8C9003F47AE /* rehber.sqlite */ = {isa = PBXFileReference; lastKnownFileType = file; path = rehber.sqlite; sourceTree = "<group>"; };
/* End PBXFileReference section */

/* Begin PBXFrameworksBuildPhase section */
		35B4FC3B2C0CCD9400EE450C /* Frameworks */ = {
			isa = PBXFrameworksBuildPhase;
			buildActionMask = 2147483647;
			files = (
			);
			runOnlyForDeploymentPostprocessing = 0;
		};
/* End PBXFrameworksBuildPhase section */

/* Begin PBXGroup section */
		35B4FC352C0CCD9300EE450C = {
			isa = PBXGroup;
			children = (
				35B4FC402C0CCD9400EE450C /* ContactsApp-MVVM-SwiftUI */,
				35B4FC3F2C0CCD9400EE450C /* Products */,
				35BA1B0A2C0CD7D2003F47AE /* Frameworks */,
			);
			sourceTree = "<group>";
		};
		35B4FC3F2C0CCD9400EE450C /* Products */ = {
			isa = PBXGroup;
			children = (
				35B4FC3E2C0CCD9400EE450C /* ContactsApp-MVVM-SwiftUI.app */,
			);
			name = Products;
			sourceTree = "<group>";
		};
		35B4FC402C0CCD9400EE450C /* ContactsApp-MVVM-SwiftUI */ = {
			isa = PBXGroup;
			children = (
				35B4FC4F2C0CCDA100EE450C /* App */,
				35B4FC532C0CCDF700EE450C /* Model */,
				35B4FC552C0CCE7A00EE450C /* ViewModel */,
				35B4FC542C0CCE7400EE450C /* View */,
				35B4FC502C0CCDAF00EE450C /* Assets */,
				35BA1B1D2C0CD83E003F47AE /* SQLite */,
			);
			path = "ContactsApp-MVVM-SwiftUI";
			sourceTree = "<group>";
		};
		35B4FC472C0CCD9500EE450C /* Preview Content */ = {
			isa = PBXGroup;
			children = (
				35B4FC482C0CCD9500EE450C /* Preview Assets.xcassets */,
			);
			path = "Preview Content";
			sourceTree = "<group>";
		};
		35B4FC4F2C0CCDA100EE450C /* App */ = {
			isa = PBXGroup;
			children = (
				35B4FC412C0CCD9400EE450C /* ContactsApp_MVVM_SwiftUIApp.swift */,
			);
			path = App;
			sourceTree = "<group>";
		};
		35B4FC502C0CCDAF00EE450C /* Assets */ = {
			isa = PBXGroup;
			children = (
				35B4FC452C0CCD9500EE450C /* Assets.xcassets */,
				35B4FC472C0CCD9500EE450C /* Preview Content */,
			);
			path = Assets;
			sourceTree = "<group>";
		};
		35B4FC532C0CCDF700EE450C /* Model */ = {
			isa = PBXGroup;
			children = (
				35B4FC512C0CCDF300EE450C /* Person.swift */,
			);
			path = Model;
			sourceTree = "<group>";
		};
		35B4FC542C0CCE7400EE450C /* View */ = {
			isa = PBXGroup;
			children = (
				35B4FC602C0CD12200EE450C /* List */,
				35B4FC432C0CCD9400EE450C /* HomeView.swift */,
				35B4FC5C2C0CCF9C00EE450C /* DetailView.swift */,
				35B4FC5E2C0CCFAF00EE450C /* SaveView.swift */,
			);
			path = View;
			sourceTree = "<group>";
		};
		35B4FC552C0CCE7A00EE450C /* ViewModel */ = {
			isa = PBXGroup;
			children = (
				35BA1B092C0CD770003F47AE /* SQLite */,
			);
			path = ViewModel;
			sourceTree = "<group>";
		};
		35B4FC602C0CD12200EE450C /* List */ = {
			isa = PBXGroup;
			children = (
				35B4FC612C0CD14100EE450C /* PersonRow.swift */,
			);
			path = List;
			sourceTree = "<group>";
		};
		35BA1B092C0CD770003F47AE /* SQLite */ = {
			isa = PBXGroup;
			children = (
				35B4FC562C0CCF7600EE450C /* HomeViewModelSqlite.swift */,
				35B4FC582C0CCF8400EE450C /* DetailViewModelSqlite.swift */,
				35B4FC5A2C0CCF9000EE450C /* SaveViewModelSqlite.swift */,
			);
			path = SQLite;
			sourceTree = "<group>";
		};
		35BA1B0A2C0CD7D2003F47AE /* Frameworks */ = {
			isa = PBXGroup;
			children = (
				35BA1B0B2C0CD7D2003F47AE /* libsqlite3.0.tbd */,
			);
			name = Frameworks;
			sourceTree = "<group>";
		};
		35BA1B1D2C0CD83E003F47AE /* SQLite */ = {
			isa = PBXGroup;
			children = (
				35BA1B212C0CD8C9003F47AE /* rehber.sqlite */,
				35BA1B0C2C0CD837003F47AE /* ContactsApp-MVVM-SwiftUI-Bridging-Header.h */,
				35BA1B0D2C0CD837003F47AE /* FMDatabase.h */,
				35BA1B102C0CD837003F47AE /* FMDatabase.m */,
				35BA1B122C0CD837003F47AE /* FMDatabaseAdditions.h */,
				35BA1B132C0CD837003F47AE /* FMDatabaseAdditions.m */,
				35BA1B0F2C0CD837003F47AE /* FMDatabasePool.h */,
				35BA1B142C0CD837003F47AE /* FMDatabasePool.m */,
				35BA1B0E2C0CD837003F47AE /* FMDatabaseQueue.h */,
				35BA1B112C0CD837003F47AE /* FMDatabaseQueue.m */,
				35BA1B172C0CD837003F47AE /* FMDB.h */,
				35BA1B162C0CD837003F47AE /* FMResultSet.h */,
				35BA1B152C0CD837003F47AE /* FMResultSet.m */,
			);
			path = SQLite;
			sourceTree = "<group>";
		};
/* End PBXGroup section */

/* Begin PBXNativeTarget section */
		35B4FC3D2C0CCD9400EE450C /* ContactsApp-MVVM-SwiftUI */ = {
			isa = PBXNativeTarget;
			buildConfigurationList = 35B4FC4C2C0CCD9500EE450C /* Build configuration list for PBXNativeTarget "ContactsApp-MVVM-SwiftUI" */;
			buildPhases = (
				35B4FC3A2C0CCD9400EE450C /* Sources */,
				35B4FC3B2C0CCD9400EE450C /* Frameworks */,
				35B4FC3C2C0CCD9400EE450C /* Resources */,
			);
			buildRules = (
			);
			dependencies = (
			);
			name = "ContactsApp-MVVM-SwiftUI";
			productName = "ContactsApp-MVVM-SwiftUI";
			productReference = 35B4FC3E2C0CCD9400EE450C /* ContactsApp-MVVM-SwiftUI.app */;
			productType = "com.apple.product-type.application";
		};
/* End PBXNativeTarget section */

/* Begin PBXProject section */
		35B4FC362C0CCD9300EE450C /* Project object */ = {
			isa = PBXProject;
			attributes = {
				BuildIndependentTargetsInParallel = 1;
				LastSwiftUpdateCheck = 1540;
				LastUpgradeCheck = 1540;
				TargetAttributes = {
					35B4FC3D2C0CCD9400EE450C = {
						CreatedOnToolsVersion = 15.4;
						LastSwiftMigration = 1540;
					};
				};
			};
			buildConfigurationList = 35B4FC392C0CCD9300EE450C /* Build configuration list for PBXProject "ContactsApp-MVVM-SwiftUI" */;
			compatibilityVersion = "Xcode 14.0";
			developmentRegion = en;
			hasScannedForEncodings = 0;
			knownRegions = (
				en,
				Base,
			);
			mainGroup = 35B4FC352C0CCD9300EE450C;
			productRefGroup = 35B4FC3F2C0CCD9400EE450C /* Products */;
			projectDirPath = "";
			projectRoot = "";
			targets = (
				35B4FC3D2C0CCD9400EE450C /* ContactsApp-MVVM-SwiftUI */,
			);
		};
/* End PBXProject section */

/* Begin PBXResourcesBuildPhase section */
		35B4FC3C2C0CCD9400EE450C /* Resources */ = {
			isa = PBXResourcesBuildPhase;
			buildActionMask = 2147483647;
			files = (
				35B4FC492C0CCD9500EE450C /* Preview Assets.xcassets in Resources */,
				35B4FC462C0CCD9500EE450C /* Assets.xcassets in Resources */,
				35BA1B222C0CD8C9003F47AE /* rehber.sqlite in Resources */,
			);
			runOnlyForDeploymentPostprocessing = 0;
		};
/* End PBXResourcesBuildPhase section */

/* Begin PBXSourcesBuildPhase section */
		35B4FC3A2C0CCD9400EE450C /* Sources */ = {
			isa = PBXSourcesBuildPhase;
			buildActionMask = 2147483647;
			files = (
				35B4FC522C0CCDF300EE450C /* Person.swift in Sources */,
				35B4FC622C0CD14100EE450C /* PersonRow.swift in Sources */,
				35BA1B1C2C0CD837003F47AE /* FMResultSet.m in Sources */,
				35BA1B1B2C0CD837003F47AE /* FMDatabasePool.m in Sources */,
				35B4FC442C0CCD9400EE450C /* HomeView.swift in Sources */,
				35BA1B182C0CD837003F47AE /* FMDatabase.m in Sources */,
				35B4FC422C0CCD9400EE450C /* ContactsApp_MVVM_SwiftUIApp.swift in Sources */,
				35B4FC5F2C0CCFAF00EE450C /* SaveView.swift in Sources */,
				35B4FC5D2C0CCF9C00EE450C /* DetailView.swift in Sources */,
				35B4FC5B2C0CCF9000EE450C /* SaveViewModelSqlite.swift in Sources */,
				35BA1B192C0CD837003F47AE /* FMDatabaseQueue.m in Sources */,
				35B4FC592C0CCF8400EE450C /* DetailViewModelSqlite.swift in Sources */,
				35B4FC572C0CCF7600EE450C /* HomeViewModelSqlite.swift in Sources */,
				35BA1B1A2C0CD837003F47AE /* FMDatabaseAdditions.m in Sources */,
			);
			runOnlyForDeploymentPostprocessing = 0;
		};
/* End PBXSourcesBuildPhase section */

/* Begin XCBuildConfiguration section */
		35B4FC4A2C0CCD9500EE450C /* Debug */ = {
			isa = XCBuildConfiguration;
			buildSettings = {
				ALWAYS_SEARCH_USER_PATHS = NO;
				ASSETCATALOG_COMPILER_GENERATE_SWIFT_ASSET_SYMBOL_EXTENSIONS = YES;
				CLANG_ANALYZER_NONNULL = YES;
				CLANG_ANALYZER_NUMBER_OBJECT_CONVERSION = YES_AGGRESSIVE;
				CLANG_CXX_LANGUAGE_STANDARD = "gnu++20";
				CLANG_ENABLE_MODULES = YES;
				CLANG_ENABLE_OBJC_ARC = YES;
				CLANG_ENABLE_OBJC_WEAK = YES;
				CLANG_WARN_BLOCK_CAPTURE_AUTORELEASING = YES;
				CLANG_WARN_BOOL_CONVERSION = YES;
				CLANG_WARN_COMMA = YES;
				CLANG_WARN_CONSTANT_CONVERSION = YES;
				CLANG_WARN_DEPRECATED_OBJC_IMPLEMENTATIONS = YES;
				CLANG_WARN_DIRECT_OBJC_ISA_USAGE = YES_ERROR;
				CLANG_WARN_DOCUMENTATION_COMMENTS = YES;
				CLANG_WARN_EMPTY_BODY = YES;
				CLANG_WARN_ENUM_CONVERSION = YES;
				CLANG_WARN_INFINITE_RECURSION = YES;
				CLANG_WARN_INT_CONVERSION = YES;
				CLANG_WARN_NON_LITERAL_NULL_CONVERSION = YES;
				CLANG_WARN_OBJC_IMPLICIT_RETAIN_SELF = YES;
				CLANG_WARN_OBJC_LITERAL_CONVERSION = YES;
				CLANG_WARN_OBJC_ROOT_CLASS = YES_ERROR;
				CLANG_WARN_QUOTED_INCLUDE_IN_FRAMEWORK_HEADER = YES;
				CLANG_WARN_RANGE_LOOP_ANALYSIS = YES;
				CLANG_WARN_STRICT_PROTOTYPES = YES;
				CLANG_WARN_SUSPICIOUS_MOVE = YES;
				CLANG_WARN_UNGUARDED_AVAILABILITY = YES_AGGRESSIVE;
				CLANG_WARN_UNREACHABLE_CODE = YES;
				CLANG_WARN__DUPLICATE_METHOD_MATCH = YES;
				COPY_PHASE_STRIP = NO;
				DEBUG_INFORMATION_FORMAT = dwarf;
				ENABLE_STRICT_OBJC_MSGSEND = YES;
				ENABLE_TESTABILITY = YES;
				ENABLE_USER_SCRIPT_SANDBOXING = YES;
				GCC_C_LANGUAGE_STANDARD = gnu17;
				GCC_DYNAMIC_NO_PIC = NO;
				GCC_NO_COMMON_BLOCKS = YES;
				GCC_OPTIMIZATION_LEVEL = 0;
				GCC_PREPROCESSOR_DEFINITIONS = (
					"DEBUG=1",
					"$(inherited)",
				);
				GCC_WARN_64_TO_32_BIT_CONVERSION = YES;
				GCC_WARN_ABOUT_RETURN_TYPE = YES_ERROR;
				GCC_WARN_UNDECLARED_SELECTOR = YES;
				GCC_WARN_UNINITIALIZED_AUTOS = YES_AGGRESSIVE;
				GCC_WARN_UNUSED_FUNCTION = YES;
				GCC_WARN_UNUSED_VARIABLE = YES;
				IPHONEOS_DEPLOYMENT_TARGET = 17.5;
				LOCALIZATION_PREFERS_STRING_CATALOGS = YES;
				MTL_ENABLE_DEBUG_INFO = INCLUDE_SOURCE;
				MTL_FAST_MATH = YES;
				ONLY_ACTIVE_ARCH = YES;
				SDKROOT = iphoneos;
				SWIFT_ACTIVE_COMPILATION_CONDITIONS = "DEBUG $(inherited)";
				SWIFT_OPTIMIZATION_LEVEL = "-Onone";
			};
			name = Debug;
		};
		35B4FC4B2C0CCD9500EE450C /* Release */ = {
			isa = XCBuildConfiguration;
			buildSettings = {
				ALWAYS_SEARCH_USER_PATHS = NO;
				ASSETCATALOG_COMPILER_GENERATE_SWIFT_ASSET_SYMBOL_EXTENSIONS = YES;
				CLANG_ANALYZER_NONNULL = YES;
				CLANG_ANALYZER_NUMBER_OBJECT_CONVERSION = YES_AGGRESSIVE;
				CLANG_CXX_LANGUAGE_STANDARD = "gnu++20";
				CLANG_ENABLE_MODULES = YES;
				CLANG_ENABLE_OBJC_ARC = YES;
				CLANG_ENABLE_OBJC_WEAK = YES;
				CLANG_WARN_BLOCK_CAPTURE_AUTORELEASING = YES;
				CLANG_WARN_BOOL_CONVERSION = YES;
				CLANG_WARN_COMMA = YES;
				CLANG_WARN_CONSTANT_CONVERSION = YES;
				CLANG_WARN_DEPRECATED_OBJC_IMPLEMENTATIONS = YES;
				CLANG_WARN_DIRECT_OBJC_ISA_USAGE = YES_ERROR;
				CLANG_WARN_DOCUMENTATION_COMMENTS = YES;
				CLANG_WARN_EMPTY_BODY = YES;
				CLANG_WARN_ENUM_CONVERSION = YES;
				CLANG_WARN_INFINITE_RECURSION = YES;
				CLANG_WARN_INT_CONVERSION = YES;
				CLANG_WARN_NON_LITERAL_NULL_CONVERSION = YES;
				CLANG_WARN_OBJC_IMPLICIT_RETAIN_SELF = YES;
				CLANG_WARN_OBJC_LITERAL_CONVERSION = YES;
				CLANG_WARN_OBJC_ROOT_CLASS = YES_ERROR;
				CLANG_WARN_QUOTED_INCLUDE_IN_FRAMEWORK_HEADER = YES;
				CLANG_WARN_RANGE_LOOP_ANALYSIS = YES;
				CLANG_WARN_STRICT_PROTOTYPES = YES;
				CLANG_WARN_SUSPICIOUS_MOVE = YES;
				CLANG_WARN_UNGUARDED_AVAILABILITY = YES_AGGRESSIVE;
				CLANG_WARN_UNREACHABLE_CODE = YES;
				CLANG_WARN__DUPLICATE_METHOD_MATCH = YES;
				COPY_PHASE_STRIP = NO;
				DEBUG_INFORMATION_FORMAT = "dwarf-with-dsym";
				ENABLE_NS_ASSERTIONS = NO;
				ENABLE_STRICT_OBJC_MSGSEND = YES;
				ENABLE_USER_SCRIPT_SANDBOXING = YES;
				GCC_C_LANGUAGE_STANDARD = gnu17;
				GCC_NO_COMMON_BLOCKS = YES;
				GCC_WARN_64_TO_32_BIT_CONVERSION = YES;
				GCC_WARN_ABOUT_RETURN_TYPE = YES_ERROR;
				GCC_WARN_UNDECLARED_SELECTOR = YES;
				GCC_WARN_UNINITIALIZED_AUTOS = YES_AGGRESSIVE;
				GCC_WARN_UNUSED_FUNCTION = YES;
				GCC_WARN_UNUSED_VARIABLE = YES;
				IPHONEOS_DEPLOYMENT_TARGET = 17.5;
				LOCALIZATION_PREFERS_STRING_CATALOGS = YES;
				MTL_ENABLE_DEBUG_INFO = NO;
				MTL_FAST_MATH = YES;
				SDKROOT = iphoneos;
				SWIFT_COMPILATION_MODE = wholemodule;
				VALIDATE_PRODUCT = YES;
			};
			name = Release;
		};
		35B4FC4D2C0CCD9500EE450C /* Debug */ = {
			isa = XCBuildConfiguration;
			buildSettings = {
				ASSETCATALOG_COMPILER_APPICON_NAME = AppIcon;
				ASSETCATALOG_COMPILER_GLOBAL_ACCENT_COLOR_NAME = AccentColor;
				CLANG_ENABLE_MODULES = YES;
				CODE_SIGN_STYLE = Automatic;
				CURRENT_PROJECT_VERSION = 1;
				DEVELOPMENT_ASSET_PATHS = "\"ContactsApp-MVVM-SwiftUI/Assets/Preview Content\"";
				DEVELOPMENT_TEAM = 688BH99XNH;
				ENABLE_PREVIEWS = YES;
				GENERATE_INFOPLIST_FILE = YES;
				INFOPLIST_KEY_UIApplicationSceneManifest_Generation = YES;
				INFOPLIST_KEY_UIApplicationSupportsIndirectInputEvents = YES;
				INFOPLIST_KEY_UILaunchScreen_Generation = YES;
				INFOPLIST_KEY_UISupportedInterfaceOrientations_iPad = "UIInterfaceOrientationPortrait UIInterfaceOrientationPortraitUpsideDown UIInterfaceOrientationLandscapeLeft UIInterfaceOrientationLandscapeRight";
				INFOPLIST_KEY_UISupportedInterfaceOrientations_iPhone = "UIInterfaceOrientationPortrait UIInterfaceOrientationLandscapeLeft UIInterfaceOrientationLandscapeRight";
				LD_RUNPATH_SEARCH_PATHS = (
					"$(inherited)",
					"@executable_path/Frameworks",
				);
				MARKETING_VERSION = 1.0;
				PRODUCT_BUNDLE_IDENTIFIER = "com.sabridindar.ContactsApp-MVVM-SwiftUI";
				PRODUCT_NAME = "$(TARGET_NAME)";
				SWIFT_EMIT_LOC_STRINGS = YES;
				SWIFT_OBJC_BRIDGING_HEADER = "ContactsApp-MVVM-SwiftUI/ContactsApp-MVVM-SwiftUI-Bridging-Header.h";
				SWIFT_OPTIMIZATION_LEVEL = "-Onone";
				SWIFT_VERSION = 5.0;
				TARGETED_DEVICE_FAMILY = "1,2";
			};
			name = Debug;
		};
		35B4FC4E2C0CCD9500EE450C /* Release */ = {
			isa = XCBuildConfiguration;
			buildSettings = {
				ASSETCATALOG_COMPILER_APPICON_NAME = AppIcon;
				ASSETCATALOG_COMPILER_GLOBAL_ACCENT_COLOR_NAME = AccentColor;
				CLANG_ENABLE_MODULES = YES;
				CODE_SIGN_STYLE = Automatic;
				CURRENT_PROJECT_VERSION = 1;
				DEVELOPMENT_ASSET_PATHS = "\"ContactsApp-MVVM-SwiftUI/Assets/Preview Content\"";
				DEVELOPMENT_TEAM = 688BH99XNH;
				ENABLE_PREVIEWS = YES;
				GENERATE_INFOPLIST_FILE = YES;
				INFOPLIST_KEY_UIApplicationSceneManifest_Generation = YES;
				INFOPLIST_KEY_UIApplicationSupportsIndirectInputEvents = YES;
				INFOPLIST_KEY_UILaunchScreen_Generation = YES;
				INFOPLIST_KEY_UISupportedInterfaceOrientations_iPad = "UIInterfaceOrientationPortrait UIInterfaceOrientationPortraitUpsideDown UIInterfaceOrientationLandscapeLeft UIInterfaceOrientationLandscapeRight";
				INFOPLIST_KEY_UISupportedInterfaceOrientations_iPhone = "UIInterfaceOrientationPortrait UIInterfaceOrientationLandscapeLeft UIInterfaceOrientationLandscapeRight";
				LD_RUNPATH_SEARCH_PATHS = (
					"$(inherited)",
					"@executable_path/Frameworks",
				);
				MARKETING_VERSION = 1.0;
				PRODUCT_BUNDLE_IDENTIFIER = "com.sabridindar.ContactsApp-MVVM-SwiftUI";
				PRODUCT_NAME = "$(TARGET_NAME)";
				SWIFT_EMIT_LOC_STRINGS = YES;
				SWIFT_OBJC_BRIDGING_HEADER = "ContactsApp-MVVM-SwiftUI/ContactsApp-MVVM-SwiftUI-Bridging-Header.h";
				SWIFT_VERSION = 5.0;
				TARGETED_DEVICE_FAMILY = "1,2";
			};
			name = Release;
		};
/* End XCBuildConfiguration section */

/* Begin XCConfigurationList section */
		35B4FC392C0CCD9300EE450C /* Build configuration list for PBXProject "ContactsApp-MVVM-SwiftUI" */ = {
			isa = XCConfigurationList;
			buildConfigurations = (
				35B4FC4A2C0CCD9500EE450C /* Debug */,
				35B4FC4B2C0CCD9500EE450C /* Release */,
			);
			defaultConfigurationIsVisible = 0;
			defaultConfigurationName = Release;
		};
		35B4FC4C2C0CCD9500EE450C /* Build configuration list for PBXNativeTarget "ContactsApp-MVVM-SwiftUI" */ = {
			isa = XCConfigurationList;
			buildConfigurations = (
				35B4FC4D2C0CCD9500EE450C /* Debug */,
				35B4FC4E2C0CCD9500EE450C /* Release */,
			);
			defaultConfigurationIsVisible = 0;
			defaultConfigurationName = Release;
		};
/* End XCConfigurationList section */
	};
	rootObject = 35B4FC362C0CCD9300EE450C /* Project object */;
}
